// !$*UTF8*$!
{
	archiveVersion = 1;
	classes = {
	};
	objectVersion = 46;
	objects = {

/* Begin PBXBuildFile section */
		EB88559A1F03A7200061D78F /* AppDelegate.swift in Sources */ = {isa = PBXBuildFile; fileRef = EB8855991F03A7200061D78F /* AppDelegate.swift */; };
		EB88559C1F03A7200061D78F /* ViewController.swift in Sources */ = {isa = PBXBuildFile; fileRef = EB88559B1F03A7200061D78F /* ViewController.swift */; };
		EB88559F1F03A7200061D78F /* Main.storyboard in Resources */ = {isa = PBXBuildFile; fileRef = EB88559D1F03A7200061D78F /* Main.storyboard */; };
		EB8855A11F03A7200061D78F /* Assets.xcassets in Resources */ = {isa = PBXBuildFile; fileRef = EB8855A01F03A7200061D78F /* Assets.xcassets */; };
		EB8855A41F03A7200061D78F /* LaunchScreen.storyboard in Resources */ = {isa = PBXBuildFile; fileRef = EB8855A21F03A7200061D78F /* LaunchScreen.storyboard */; };
		EB8855AE1F03A76F0061D78F /* simpleVC.swift in Sources */ = {isa = PBXBuildFile; fileRef = EB8855AC1F03A76F0061D78F /* simpleVC.swift */; };
		EB8855AF1F03A76F0061D78F /* simpleVC.xib in Resources */ = {isa = PBXBuildFile; fileRef = EB8855AD1F03A76F0061D78F /* simpleVC.xib */; };
/* End PBXBuildFile section */

/* Begin PBXFileReference section */
		EB8855961F03A7200061D78F /* alerttextfield.app */ = {isa = PBXFileReference; explicitFileType = wrapper.application; includeInIndex = 0; path = alerttextfield.app; sourceTree = BUILT_PRODUCTS_DIR; };
		EB8855991F03A7200061D78F /* AppDelegate.swift */ = {isa = PBXFileReference; lastKnownFileType = sourcecode.swift; path = AppDelegate.swift; sourceTree = "<group>"; };
		EB88559B1F03A7200061D78F /* ViewController.swift */ = {isa = PBXFileReference; lastKnownFileType = sourcecode.swift; path = ViewController.swift; sourceTree = "<group>"; };
		EB88559E1F03A7200061D78F /* Base */ = {isa = PBXFileReference; lastKnownFileType = file.storyboard; name = Base; path = Base.lproj/Main.storyboard; sourceTree = "<group>"; };
		EB8855A01F03A7200061D78F /* Assets.xcassets */ = {isa = PBXFileReference; lastKnownFileType = folder.assetcatalog; path = Assets.xcassets; sourceTree = "<group>"; };
		EB8855A31F03A7200061D78F /* Base */ = {isa = PBXFileReference; lastKnownFileType = file.storyboard; name = Base; path = Base.lproj/LaunchScreen.storyboard; sourceTree = "<group>"; };
		EB8855A51F03A7200061D78F /* Info.plist */ = {isa = PBXFileReference; lastKnownFileType = text.plist.xml; path = Info.plist; sourceTree = "<group>"; };
		EB8855AC1F03A76F0061D78F /* simpleVC.swift */ = {isa = PBXFileReference; fileEncoding = 4; lastKnownFileType = sourcecode.swift; path = simpleVC.swift; sourceTree = "<group>"; };
		EB8855AD1F03A76F0061D78F /* simpleVC.xib */ = {isa = PBXFileReference; fileEncoding = 4; lastKnownFileType = file.xib; path = simpleVC.xib; sourceTree = "<group>"; };
/* End PBXFileReference section */

/* Begin PBXFrameworksBuildPhase section */
		EB8855931F03A7200061D78F /* Frameworks */ = {
			isa = PBXFrameworksBuildPhase;
			buildActionMask = 2147483647;
			files = (
			);
			runOnlyForDeploymentPostprocessing = 0;
		};
/* End PBXFrameworksBuildPhase section */

/* Begin PBXGroup section */
		EB88558D1F03A7200061D78F = {
			isa = PBXGroup;
			children = (
				EB8855981F03A7200061D78F /* alerttextfield */,
				EB8855971F03A7200061D78F /* Products */,
			);
			sourceTree = "<group>";
		};
		EB8855971F03A7200061D78F /* Products */ = {
			isa = PBXGroup;
			children = (
				EB8855961F03A7200061D78F /* alerttextfield.app */,
			);
			name = Products;
			sourceTree = "<group>";
		};
		EB8855981F03A7200061D78F /* alerttextfield */ = {
			isa = PBXGroup;
			children = (
				EB8855AB1F03A7250061D78F /* simpleVC */,
				EB8855991F03A7200061D78F /* AppDelegate.swift */,
				EB88559B1F03A7200061D78F /* ViewController.swift */,
				EB88559D1F03A7200061D78F /* Main.storyboard */,
				EB8855A01F03A7200061D78F /* Assets.xcassets */,
				EB8855A21F03A7200061D78F /* LaunchScreen.storyboard */,
				EB8855A51F03A7200061D78F /* Info.plist */,
			);
			path = alerttextfield;
			sourceTree = "<group>";
		};
		EB8855AB1F03A7250061D78F /* simpleVC */ = {
			isa = PBXGroup;
			children = (
				EB8855AC1F03A76F0061D78F /* simpleVC.swift */,
				EB8855AD1F03A76F0061D78F /* simpleVC.xib */,
			);
			name = simpleVC;
			sourceTree = "<group>";
		};
/* End PBXGroup section */

/* Begin PBXNativeTarget section */
		EB8855951F03A7200061D78F /* alerttextfield */ = {
			isa = PBXNativeTarget;
			buildConfigurationList = EB8855A81F03A7200061D78F /* Build configuration list for PBXNativeTarget "alerttextfield" */;
			buildPhases = (
				EB8855921F03A7200061D78F /* Sources */,
				EB8855931F03A7200061D78F /* Frameworks */,
				EB8855941F03A7200061D78F /* Resources */,
			);
			buildRules = (
			);
			dependencies = (
			);
			name = alerttextfield;
			productName = alerttextfield;
			productReference = EB8855961F03A7200061D78F /* alerttextfield.app */;
			productType = "com.apple.product-type.application";
		};
/* End PBXNativeTarget section */

/* Begin PBXProject section */
		EB88558E1F03A7200061D78F /* Project object */ = {
			isa = PBXProject;
			attributes = {
				LastSwiftUpdateCheck = 0830;
				LastUpgradeCheck = 0830;
				ORGANIZATIONNAME = owner;
				TargetAttributes = {
					EB8855951F03A7200061D78F = {
						CreatedOnToolsVersion = 8.3.3;
						ProvisioningStyle = Automatic;
					};
				};
			};
			buildConfigurationList = EB8855911F03A7200061D78F /* Build configuration list for PBXProject "alerttextfield" */;
			compatibilityVersion = "Xcode 3.2";
			developmentRegion = English;
			hasScannedForEncodings = 0;
			knownRegions = (
				en,
				Base,
			);
			mainGroup = EB88558D1F03A7200061D78F;
			productRefGroup = EB8855971F03A7200061D78F /* Products */;
			projectDirPath = "";
			projectRoot = "";
			targets = (
				EB8855951F03A7200061D78F /* alerttextfield */,
			);
		};
/* End PBXProject section */

/* Begin PBXResourcesBuildPhase section */
		EB8855941F03A7200061D78F /* Resources */ = {
			isa = PBXResourcesBuildPhase;
			buildActionMask = 2147483647;
			files = (
				EB8855AF1F03A76F0061D78F /* simpleVC.xib in Resources */,
				EB8855A41F03A7200061D78F /* LaunchScreen.storyboard in Resources */,
				EB8855A11F03A7200061D78F /* Assets.xcassets in Resources */,
				EB88559F1F03A7200061D78F /* Main.storyboard in Resources */,
			);
			runOnlyForDeploymentPostprocessing = 0;
		};
/* End PBXResourcesBuildPhase section */

/* Begin PBXSourcesBuildPhase section */
		EB8855921F03A7200061D78F /* Sources */ = {
			isa = PBXSourcesBuildPhase;
			buildActionMask = 2147483647;
			files = (
				EB8855AE1F03A76F0061D78F /* simpleVC.swift in Sources */,
				EB88559C1F03A7200061D78F /* ViewController.swift in Sources */,
				EB88559A1F03A7200061D78F /* AppDelegate.swift in Sources */,
			);
			runOnlyForDeploymentPostprocessing = 0;
		};
/* End PBXSourcesBuildPhase section */

/* Begin PBXVariantGroup section */
		EB88559D1F03A7200061D78F /* Main.storyboard */ = {
			isa = PBXVariantGroup;
			children = (
				EB88559E1F03A7200061D78F /* Base */,
			);
			name = Main.storyboard;
			sourceTree = "<group>";
		};
		EB8855A21F03A7200061D78F /* LaunchScreen.storyboard */ = {
			isa = PBXVariantGroup;
			children = (
				EB8855A31F03A7200061D78F /* Base */,
			);
			name = LaunchScreen.storyboard;
			sourceTree = "<group>";
		};
/* End PBXVariantGroup section */

/* Begin XCBuildConfiguration section */
		EB8855A61F03A7200061D78F /* Debug */ = {
			isa = XCBuildConfiguration;
			buildSettings = {
				ALWAYS_SEARCH_USER_PATHS = NO;
				CLANG_ANALYZER_NONNULL = YES;
				CLANG_ANALYZER_NUMBER_OBJECT_CONVERSION = YES_AGGRESSIVE;
				CLANG_CXX_LANGUAGE_STANDARD = "gnu++0x";
				CLANG_CXX_LIBRARY = "libc++";
				CLANG_ENABLE_MODULES = YES;
				CLANG_ENABLE_OBJC_ARC = YES;
				CLANG_WARN_BOOL_CONVERSION = YES;
				CLANG_WARN_CONSTANT_CONVERSION = YES;
				CLANG_WARN_DIRECT_OBJC_ISA_USAGE = YES_ERROR;
				CLANG_WARN_DOCUMENTATION_COMMENTS = YES;
				CLANG_WARN_EMPTY_BODY = YES;
				CLANG_WARN_ENUM_CONVERSION = YES;
				CLANG_WARN_INFINITE_RECURSION = YES;
				CLANG_WARN_INT_CONVERSION = YES;
				CLANG_WARN_OBJC_ROOT_CLASS = YES_ERROR;
				CLANG_WARN_SUSPICIOUS_MOVE = YES;
				CLANG_WARN_UNREACHABLE_CODE = YES;
				CLANG_WARN__DUPLICATE_METHOD_MATCH = YES;
				"CODE_SIGN_IDENTITY[sdk=iphoneos*]" = "iPhone Developer";
				COPY_PHASE_STRIP = NO;
				DEBUG_INFORMATION_FORMAT = dwarf;
				ENABLE_STRICT_OBJC_MSGSEND = YES;
				ENABLE_TESTABILITY = YES;
				GCC_C_LANGUAGE_STANDARD = gnu99;
				GCC_DYNAMIC_NO_PIC = NO;
				GCC_NO_COMMON_BLOCKS = YES;
				GCC_OPTIMIZATION_LEVEL = 0;
				GCC_PREPROCESSOR_DEFINITIONS = (
					"DEBUG=1",
					"$(inherited)",
				);
				GCC_WARN_64_TO_32_BIT_CONVERSION = YES;
				GCC_WARN_ABOUT_RETURN_TYPE = YES_ERROR;
				GCC_WARN_UNDECLARED_SELECTOR = YES;
				GCC_WARN_UNINITIALIZED_AUTOS = YES_AGGRESSIVE;
				GCC_WARN_UNUSED_FUNCTION = YES;
				GCC_WARN_UNUSED_VARIABLE = YES;
				IPHONEOS_DEPLOYMENT_TARGET = 10.3;
				MTL_ENABLE_DEBUG_INFO = YES;
				ONLY_ACTIVE_ARCH = YES;
				SDKROOT = iphoneos;
				SWIFT_ACTIVE_COMPILATION_CONDITIONS = DEBUG;
				SWIFT_OPTIMIZATION_LEVEL = "-Onone";
				TARGETED_DEVICE_FAMILY = "1,2";
			};
			name = Debug;
		};
		EB8855A71F03A7200061D78F /* Release */ = {
			isa = XCBuildConfiguration;
			buildSettings = {
				ALWAYS_SEARCH_USER_PATHS = NO;
				CLANG_ANALYZER_NONNULL = YES;
				CLANG_ANALYZER_NUMBER_OBJECT_CONVERSION = YES_AGGRESSIVE;
				CLANG_CXX_LANGUAGE_STANDARD = "gnu++0x";
				CLANG_CXX_LIBRARY = "libc++";
				CLANG_ENABLE_MODULES = YES;
				CLANG_ENABLE_OBJC_ARC = YES;
				CLANG_WARN_BOOL_CONVERSION = YES;
				CLANG_WARN_CONSTANT_CONVERSION = YES;
				CLANG_WARN_DIRECT_OBJC_ISA_USAGE = YES_ERROR;
				CLANG_WARN_DOCUMENTATION_COMMENTS = YES;
				CLANG_WARN_EMPTY_BODY = YES;
				CLANG_WARN_ENUM_CONVERSION = YES;
				CLANG_WARN_INFINITE_RECURSION = YES;
				CLANG_WARN_INT_CONVERSION = YES;
				CLANG_WARN_OBJC_ROOT_CLASS = YES_ERROR;
				CLANG_WARN_SUSPICIOUS_MOVE = YES;
				CLANG_WARN_UNREACHABLE_CODE = YES;
				CLANG_WARN__DUPLICATE_METHOD_MATCH = YES;
				"CODE_SIGN_IDENTITY[sdk=iphoneos*]" = "iPhone Developer";
				COPY_PHASE_STRIP = NO;
				DEBUG_INFORMATION_FORMAT = "dwarf-with-dsym";
				ENABLE_NS_ASSERTIONS = NO;
				ENABLE_STRICT_OBJC_MSGSEND = YES;
				GCC_C_LANGUAGE_STANDARD = gnu99;
				GCC_NO_COMMON_BLOCKS = YES;
				GCC_WARN_64_TO_32_BIT_CONVERSION = YES;
				GCC_WARN_ABOUT_RETURN_TYPE = YES_ERROR;
				GCC_WARN_UNDECLARED_SELECTOR = YES;
				GCC_WARN_UNINITIALIZED_AUTOS = YES_AGGRESSIVE;
				GCC_WARN_UNUSED_FUNCTION = YES;
				GCC_WARN_UNUSED_VARIABLE = YES;
				IPHONEOS_DEPLOYMENT_TARGET = 10.3;
				MTL_ENABLE_DEBUG_INFO = NO;
				SDKROOT = iphoneos;
				SWIFT_OPTIMIZATION_LEVEL = "-Owholemodule";
				TARGETED_DEVICE_FAMILY = "1,2";
				VALIDATE_PRODUCT = YES;
			};
			name = Release;
		};
		EB8855A91F03A7200061D78F /* Debug */ = {
			isa = XCBuildConfiguration;
			buildSettings = {
				ASSETCATALOG_COMPILER_APPICON_NAME = AppIcon;
				INFOPLIST_FILE = alerttextfield/Info.plist;
				LD_RUNPATH_SEARCH_PATHS = "$(inherited) @executable_path/Frameworks";
				PRODUCT_BUNDLE_IDENTIFIER = Amresh.alerttextfield;
				PRODUCT_NAME = "$(TARGET_NAME)";
				SWIFT_VERSION = 3.0;
			};
			name = Debug;
		};
		EB8855AA1F03A7200061D78F /* Release */ = {
			isa = XCBuildConfiguration;
			buildSettings = {
				ASSETCATALOG_COMPILER_APPICON_NAME = AppIcon;
				INFOPLIST_FILE = alerttextfield/Info.plist;
				LD_RUNPATH_SEARCH_PATHS = "$(inherited) @executable_path/Frameworks";
				PRODUCT_BUNDLE_IDENTIFIER = Amresh.alerttextfield;
				PRODUCT_NAME = "$(TARGET_NAME)";
				SWIFT_VERSION = 3.0;
			};
			name = Release;
		};
/* End XCBuildConfiguration section */

/* Begin XCConfigurationList section */
		EB8855911F03A7200061D78F /* Build configuration list for PBXProject "alerttextfield" */ = {
			isa = XCConfigurationList;
			buildConfigurations = (
				EB8855A61F03A7200061D78F /* Debug */,
				EB8855A71F03A7200061D78F /* Release */,
			);
			defaultConfigurationIsVisible = 0;
			defaultConfigurationName = Release;
		};
		EB8855A81F03A7200061D78F /* Build configuration list for PBXNativeTarget "alerttextfield" */ = {
			isa = XCConfigurationList;
			buildConfigurations = (
				EB8855A91F03A7200061D78F /* Debug */,
				EB8855AA1F03A7200061D78F /* Release */,
			);
			defaultConfigurationIsVisible = 0;
			defaultConfigurationName = Release;
		};
/* End XCConfigurationList section */
	};
	rootObject = EB88558E1F03A7200061D78F /* Project object */;
}
